{
  "name": "field-module-tasks",
  "version": "1.0.0",
  "lockfileVersion": 2,
  "requires": true,
  "packages": {
    "": {
      "name": "field-module-tasks",
      "version": "1.0.0",
      "license": "GPL-3.0-or-later",
      "devDependencies": {
        "field-scripts": "file:../field-scripts"
      }
    },
    "../field-scripts": {
      "version": "1.0.0",
      "dev": true,
      "license": "GPL-3.0-or-later",
      "bin": {
        "field-scripts": "bin/field-scripts.js"
      },
      "devDependencies": {
        "@originjs/vite-plugin-commonjs": "^1.0.3",
        "@vitejs/plugin-vue": "^2.2.2",
        "js-yaml": "^4.1.0",
        "vite": "^2.8.4",
        "vite-plugin-env-compatible": "^1.1.1"
      }
    },
    "node_modules/field-scripts": {
      "resolved": "../field-scripts",
      "link": true
    }
  },
  "dependencies": {
    "field-scripts": {
      "version": "file:../field-scripts",
      "requires": {
        "@originjs/vite-plugin-commonjs": "^1.0.3",
        "@vitejs/plugin-vue": "^2.2.2",
        "js-yaml": "^4.1.0",
        "vite": "^2.8.4",
        "vite-plugin-env-compatible": "^1.1.1"
      }
    }
  }
}
