// !$*UTF8*$!
{
	archiveVersion = 1;
	classes = {
	};
	objectVersion = 46;
	objects = {

/* Begin PBXBuildFile section */
		D6E927C81F332EF40080613E /* AppDelegate.swift in Sources */ = {isa = PBXBuildFile; fileRef = D6E927C71F332EF40080613E /* AppDelegate.swift */; };
		D6E927CA1F332EF40080613E /* Main_controller.swift in Sources */ = {isa = PBXBuildFile; fileRef = D6E927C91F332EF40080613E /* Main_controller.swift */; };
		D6E927CD1F332EF40080613E /* Main.storyboard in Resources */ = {isa = PBXBuildFile; fileRef = D6E927CB1F332EF40080613E /* Main.storyboard */; };
		D6E927D01F332EF40080613E /* farmOS_iOS.xcdatamodeld in Sources */ = {isa = PBXBuildFile; fileRef = D6E927CE1F332EF40080613E /* farmOS_iOS.xcdatamodeld */; };
		D6E927D21F332EF40080613E /* Assets.xcassets in Resources */ = {isa = PBXBuildFile; fileRef = D6E927D11F332EF40080613E /* Assets.xcassets */; };
		D6E927D51F332EF40080613E /* LaunchScreen.storyboard in Resources */ = {isa = PBXBuildFile; fileRef = D6E927D31F332EF40080613E /* LaunchScreen.storyboard */; };
		D6E927E01F386E840080613E /* Check_credentials.swift in Sources */ = {isa = PBXBuildFile; fileRef = D6E927DF1F386E840080613E /* Check_credentials.swift */; };
		D6E927E21F386F070080613E /* Enter_credentials_controller.swift in Sources */ = {isa = PBXBuildFile; fileRef = D6E927E11F386F070080613E /* Enter_credentials_controller.swift */; };
		D6E927E41F3871480080613E /* Get_records.swift in Sources */ = {isa = PBXBuildFile; fileRef = D6E927E31F3871480080613E /* Get_records.swift */; };
		D6E927E61F38716B0080613E /* Send_records.swift in Sources */ = {isa = PBXBuildFile; fileRef = D6E927E51F38716B0080613E /* Send_records.swift */; };
		D6E927E81F3872340080613E /* Calendar_controller.swift in Sources */ = {isa = PBXBuildFile; fileRef = D6E927E71F3872340080613E /* Calendar_controller.swift */; };
		D6E927EA1F38726D0080613E /* Settings_controller.swift in Sources */ = {isa = PBXBuildFile; fileRef = D6E927E91F38726D0080613E /* Settings_controller.swift */; };
		D6E927EC1F3872C40080613E /* New_record_controller.swift in Sources */ = {isa = PBXBuildFile; fileRef = D6E927EB1F3872C40080613E /* New_record_controller.swift */; };
		D6E927EE1F38736B0080613E /* Check_connection.swift in Sources */ = {isa = PBXBuildFile; fileRef = D6E927ED1F38736B0080613E /* Check_connection.swift */; };
/* End PBXBuildFile section */

/* Begin PBXFileReference section */
		D6E927C41F332EF40080613E /* farmOS_iOS.app */ = {isa = PBXFileReference; explicitFileType = wrapper.application; includeInIndex = 0; path = farmOS_iOS.app; sourceTree = BUILT_PRODUCTS_DIR; };
		D6E927C71F332EF40080613E /* AppDelegate.swift */ = {isa = PBXFileReference; lastKnownFileType = sourcecode.swift; path = AppDelegate.swift; sourceTree = "<group>"; };
		D6E927C91F332EF40080613E /* Main_controller.swift */ = {isa = PBXFileReference; lastKnownFileType = sourcecode.swift; path = Main_controller.swift; sourceTree = "<group>"; };
		D6E927CC1F332EF40080613E /* Base */ = {isa = PBXFileReference; lastKnownFileType = file.storyboard; name = Base; path = Base.lproj/Main.storyboard; sourceTree = "<group>"; };
		D6E927CF1F332EF40080613E /* farmOS_iOS.xcdatamodel */ = {isa = PBXFileReference; lastKnownFileType = wrapper.xcdatamodel; path = farmOS_iOS.xcdatamodel; sourceTree = "<group>"; };
		D6E927D11F332EF40080613E /* Assets.xcassets */ = {isa = PBXFileReference; lastKnownFileType = folder.assetcatalog; path = Assets.xcassets; sourceTree = "<group>"; };
		D6E927D41F332EF40080613E /* Base */ = {isa = PBXFileReference; lastKnownFileType = file.storyboard; name = Base; path = Base.lproj/LaunchScreen.storyboard; sourceTree = "<group>"; };
		D6E927D61F332EF40080613E /* Info.plist */ = {isa = PBXFileReference; lastKnownFileType = text.plist.xml; path = Info.plist; sourceTree = "<group>"; };
		D6E927DF1F386E840080613E /* Check_credentials.swift */ = {isa = PBXFileReference; fileEncoding = 4; lastKnownFileType = sourcecode.swift; path = Check_credentials.swift; sourceTree = "<group>"; };
		D6E927E11F386F070080613E /* Enter_credentials_controller.swift */ = {isa = PBXFileReference; fileEncoding = 4; lastKnownFileType = sourcecode.swift; path = Enter_credentials_controller.swift; sourceTree = "<group>"; };
		D6E927E31F3871480080613E /* Get_records.swift */ = {isa = PBXFileReference; fileEncoding = 4; lastKnownFileType = sourcecode.swift; path = Get_records.swift; sourceTree = "<group>"; };
		D6E927E51F38716B0080613E /* Send_records.swift */ = {isa = PBXFileReference; fileEncoding = 4; lastKnownFileType = sourcecode.swift; path = Send_records.swift; sourceTree = "<group>"; };
		D6E927E71F3872340080613E /* Calendar_controller.swift */ = {isa = PBXFileReference; fileEncoding = 4; lastKnownFileType = sourcecode.swift; path = Calendar_controller.swift; sourceTree = "<group>"; };
		D6E927E91F38726D0080613E /* Settings_controller.swift */ = {isa = PBXFileReference; fileEncoding = 4; lastKnownFileType = sourcecode.swift; path = Settings_controller.swift; sourceTree = "<group>"; };
		D6E927EB1F3872C40080613E /* New_record_controller.swift */ = {isa = PBXFileReference; fileEncoding = 4; lastKnownFileType = sourcecode.swift; path = New_record_controller.swift; sourceTree = "<group>"; };
		D6E927ED1F38736B0080613E /* Check_connection.swift */ = {isa = PBXFileReference; fileEncoding = 4; lastKnownFileType = sourcecode.swift; path = Check_connection.swift; sourceTree = "<group>"; };
/* End PBXFileReference section */

/* Begin PBXFrameworksBuildPhase section */
		D6E927C11F332EF40080613E /* Frameworks */ = {
			isa = PBXFrameworksBuildPhase;
			buildActionMask = 2147483647;
			files = (
			);
			runOnlyForDeploymentPostprocessing = 0;
		};
/* End PBXFrameworksBuildPhase section */

/* Begin PBXGroup section */
		D6E927BB1F332EF40080613E = {
			isa = PBXGroup;
			children = (
				D6E927C61F332EF40080613E /* farmOS_iOS */,
				D6E927C51F332EF40080613E /* Products */,
			);
			sourceTree = "<group>";
		};
		D6E927C51F332EF40080613E /* Products */ = {
			isa = PBXGroup;
			children = (
				D6E927C41F332EF40080613E /* farmOS_iOS.app */,
			);
			name = Products;
			sourceTree = "<group>";
		};
		D6E927C61F332EF40080613E /* farmOS_iOS */ = {
			isa = PBXGroup;
			children = (
				D6E927C71F332EF40080613E /* AppDelegate.swift */,
				D6E927C91F332EF40080613E /* Main_controller.swift */,
				D6E927CB1F332EF40080613E /* Main.storyboard */,
				D6E927D11F332EF40080613E /* Assets.xcassets */,
				D6E927D31F332EF40080613E /* LaunchScreen.storyboard */,
				D6E927D61F332EF40080613E /* Info.plist */,
				D6E927CE1F332EF40080613E /* farmOS_iOS.xcdatamodeld */,
				D6E927DF1F386E840080613E /* Check_credentials.swift */,
				D6E927E11F386F070080613E /* Enter_credentials_controller.swift */,
				D6E927E31F3871480080613E /* Get_records.swift */,
				D6E927E51F38716B0080613E /* Send_records.swift */,
				D6E927E71F3872340080613E /* Calendar_controller.swift */,
				D6E927E91F38726D0080613E /* Settings_controller.swift */,
				D6E927EB1F3872C40080613E /* New_record_controller.swift */,
				D6E927ED1F38736B0080613E /* Check_connection.swift */,
			);
			path = farmOS_iOS;
			sourceTree = "<group>";
		};
/* End PBXGroup section */

/* Begin PBXNativeTarget section */
		D6E927C31F332EF40080613E /* farmOS_iOS */ = {
			isa = PBXNativeTarget;
			buildConfigurationList = D6E927D91F332EF50080613E /* Build configuration list for PBXNativeTarget "farmOS_iOS" */;
			buildPhases = (
				D6E927C01F332EF40080613E /* Sources */,
				D6E927C11F332EF40080613E /* Frameworks */,
				D6E927C21F332EF40080613E /* Resources */,
			);
			buildRules = (
			);
			dependencies = (
			);
			name = farmOS_iOS;
			productName = farmOS_iOS;
			productReference = D6E927C41F332EF40080613E /* farmOS_iOS.app */;
			productType = "com.apple.product-type.application";
		};
/* End PBXNativeTarget section */

/* Begin PBXProject section */
		D6E927BC1F332EF40080613E /* Project object */ = {
			isa = PBXProject;
			attributes = {
				LastSwiftUpdateCheck = 0830;
				LastUpgradeCheck = 0830;
				ORGANIZATIONNAME = farmOS;
				TargetAttributes = {
					D6E927C31F332EF40080613E = {
						CreatedOnToolsVersion = 8.3.3;
						ProvisioningStyle = Automatic;
					};
				};
			};
			buildConfigurationList = D6E927BF1F332EF40080613E /* Build configuration list for PBXProject "farmOS_iOS" */;
			compatibilityVersion = "Xcode 3.2";
			developmentRegion = English;
			hasScannedForEncodings = 0;
			knownRegions = (
				en,
				Base,
			);
			mainGroup = D6E927BB1F332EF40080613E;
			productRefGroup = D6E927C51F332EF40080613E /* Products */;
			projectDirPath = "";
			projectRoot = "";
			targets = (
				D6E927C31F332EF40080613E /* farmOS_iOS */,
			);
		};
/* End PBXProject section */

/* Begin PBXResourcesBuildPhase section */
		D6E927C21F332EF40080613E /* Resources */ = {
			isa = PBXResourcesBuildPhase;
			buildActionMask = 2147483647;
			files = (
				D6E927D51F332EF40080613E /* LaunchScreen.storyboard in Resources */,
				D6E927D21F332EF40080613E /* Assets.xcassets in Resources */,
				D6E927CD1F332EF40080613E /* Main.storyboard in Resources */,
			);
			runOnlyForDeploymentPostprocessing = 0;
		};
/* End PBXResourcesBuildPhase section */

/* Begin PBXSourcesBuildPhase section */
		D6E927C01F332EF40080613E /* Sources */ = {
			isa = PBXSourcesBuildPhase;
			buildActionMask = 2147483647;
			files = (
				D6E927E21F386F070080613E /* Enter_credentials_controller.swift in Sources */,
				D6E927EE1F38736B0080613E /* Check_connection.swift in Sources */,
				D6E927E81F3872340080613E /* Calendar_controller.swift in Sources */,
				D6E927E61F38716B0080613E /* Send_records.swift in Sources */,
				D6E927EC1F3872C40080613E /* New_record_controller.swift in Sources */,
				D6E927D01F332EF40080613E /* farmOS_iOS.xcdatamodeld in Sources */,
				D6E927E01F386E840080613E /* Check_credentials.swift in Sources */,
				D6E927CA1F332EF40080613E /* Main_controller.swift in Sources */,
				D6E927EA1F38726D0080613E /* Settings_controller.swift in Sources */,
				D6E927C81F332EF40080613E /* AppDelegate.swift in Sources */,
				D6E927E41F3871480080613E /* Get_records.swift in Sources */,
			);
			runOnlyForDeploymentPostprocessing = 0;
		};
/* End PBXSourcesBuildPhase section */

/* Begin PBXVariantGroup section */
		D6E927CB1F332EF40080613E /* Main.storyboard */ = {
			isa = PBXVariantGroup;
			children = (
				D6E927CC1F332EF40080613E /* Base */,
			);
			name = Main.storyboard;
			sourceTree = "<group>";
		};
		D6E927D31F332EF40080613E /* LaunchScreen.storyboard */ = {
			isa = PBXVariantGroup;
			children = (
				D6E927D41F332EF40080613E /* Base */,
			);
			name = LaunchScreen.storyboard;
			sourceTree = "<group>";
		};
/* End PBXVariantGroup section */

/* Begin XCBuildConfiguration section */
		D6E927D71F332EF50080613E /* Debug */ = {
			isa = XCBuildConfiguration;
			buildSettings = {
				ALWAYS_SEARCH_USER_PATHS = NO;
				CLANG_ANALYZER_NONNULL = YES;
				CLANG_ANALYZER_NUMBER_OBJECT_CONVERSION = YES_AGGRESSIVE;
				CLANG_CXX_LANGUAGE_STANDARD = "gnu++0x";
				CLANG_CXX_LIBRARY = "libc++";
				CLANG_ENABLE_MODULES = YES;
				CLANG_ENABLE_OBJC_ARC = YES;
				CLANG_WARN_BOOL_CONVERSION = YES;
				CLANG_WARN_CONSTANT_CONVERSION = YES;
				CLANG_WARN_DIRECT_OBJC_ISA_USAGE = YES_ERROR;
				CLANG_WARN_DOCUMENTATION_COMMENTS = YES;
				CLANG_WARN_EMPTY_BODY = YES;
				CLANG_WARN_ENUM_CONVERSION = YES;
				CLANG_WARN_INFINITE_RECURSION = YES;
				CLANG_WARN_INT_CONVERSION = YES;
				CLANG_WARN_OBJC_ROOT_CLASS = YES_ERROR;
				CLANG_WARN_SUSPICIOUS_MOVE = YES;
				CLANG_WARN_UNREACHABLE_CODE = YES;
				CLANG_WARN__DUPLICATE_METHOD_MATCH = YES;
				"CODE_SIGN_IDENTITY[sdk=iphoneos*]" = "iPhone Developer";
				COPY_PHASE_STRIP = NO;
				DEBUG_INFORMATION_FORMAT = dwarf;
				ENABLE_STRICT_OBJC_MSGSEND = YES;
				ENABLE_TESTABILITY = YES;
				GCC_C_LANGUAGE_STANDARD = gnu99;
				GCC_DYNAMIC_NO_PIC = NO;
				GCC_NO_COMMON_BLOCKS = YES;
				GCC_OPTIMIZATION_LEVEL = 0;
				GCC_PREPROCESSOR_DEFINITIONS = (
					"DEBUG=1",
					"$(inherited)",
				);
				GCC_WARN_64_TO_32_BIT_CONVERSION = YES;
				GCC_WARN_ABOUT_RETURN_TYPE = YES_ERROR;
				GCC_WARN_UNDECLARED_SELECTOR = YES;
				GCC_WARN_UNINITIALIZED_AUTOS = YES_AGGRESSIVE;
				GCC_WARN_UNUSED_FUNCTION = YES;
				GCC_WARN_UNUSED_VARIABLE = YES;
				IPHONEOS_DEPLOYMENT_TARGET = 10.3;
				MTL_ENABLE_DEBUG_INFO = YES;
				ONLY_ACTIVE_ARCH = YES;
				SDKROOT = iphoneos;
				SWIFT_ACTIVE_COMPILATION_CONDITIONS = DEBUG;
				SWIFT_OPTIMIZATION_LEVEL = "-Onone";
			};
			name = Debug;
		};
		D6E927D81F332EF50080613E /* Release */ = {
			isa = XCBuildConfiguration;
			buildSettings = {
				ALWAYS_SEARCH_USER_PATHS = NO;
				CLANG_ANALYZER_NONNULL = YES;
				CLANG_ANALYZER_NUMBER_OBJECT_CONVERSION = YES_AGGRESSIVE;
				CLANG_CXX_LANGUAGE_STANDARD = "gnu++0x";
				CLANG_CXX_LIBRARY = "libc++";
				CLANG_ENABLE_MODULES = YES;
				CLANG_ENABLE_OBJC_ARC = YES;
				CLANG_WARN_BOOL_CONVERSION = YES;
				CLANG_WARN_CONSTANT_CONVERSION = YES;
				CLANG_WARN_DIRECT_OBJC_ISA_USAGE = YES_ERROR;
				CLANG_WARN_DOCUMENTATION_COMMENTS = YES;
				CLANG_WARN_EMPTY_BODY = YES;
				CLANG_WARN_ENUM_CONVERSION = YES;
				CLANG_WARN_INFINITE_RECURSION = YES;
				CLANG_WARN_INT_CONVERSION = YES;
				CLANG_WARN_OBJC_ROOT_CLASS = YES_ERROR;
				CLANG_WARN_SUSPICIOUS_MOVE = YES;
				CLANG_WARN_UNREACHABLE_CODE = YES;
				CLANG_WARN__DUPLICATE_METHOD_MATCH = YES;
				"CODE_SIGN_IDENTITY[sdk=iphoneos*]" = "iPhone Developer";
				COPY_PHASE_STRIP = NO;
				DEBUG_INFORMATION_FORMAT = "dwarf-with-dsym";
				ENABLE_NS_ASSERTIONS = NO;
				ENABLE_STRICT_OBJC_MSGSEND = YES;
				GCC_C_LANGUAGE_STANDARD = gnu99;
				GCC_NO_COMMON_BLOCKS = YES;
				GCC_WARN_64_TO_32_BIT_CONVERSION = YES;
				GCC_WARN_ABOUT_RETURN_TYPE = YES_ERROR;
				GCC_WARN_UNDECLARED_SELECTOR = YES;
				GCC_WARN_UNINITIALIZED_AUTOS = YES_AGGRESSIVE;
				GCC_WARN_UNUSED_FUNCTION = YES;
				GCC_WARN_UNUSED_VARIABLE = YES;
				IPHONEOS_DEPLOYMENT_TARGET = 10.3;
				MTL_ENABLE_DEBUG_INFO = NO;
				SDKROOT = iphoneos;
				SWIFT_OPTIMIZATION_LEVEL = "-Owholemodule";
				VALIDATE_PRODUCT = YES;
			};
			name = Release;
		};
		D6E927DA1F332EF50080613E /* Debug */ = {
			isa = XCBuildConfiguration;
			buildSettings = {
				ASSETCATALOG_COMPILER_APPICON_NAME = AppIcon;
				INFOPLIST_FILE = farmOS_iOS/Info.plist;
				LD_RUNPATH_SEARCH_PATHS = "$(inherited) @executable_path/Frameworks";
				PRODUCT_BUNDLE_IDENTIFIER = "farmOS.farmOS-iOS";
				PRODUCT_NAME = "$(TARGET_NAME)";
				SWIFT_VERSION = 3.0;
			};
			name = Debug;
		};
		D6E927DB1F332EF50080613E /* Release */ = {
			isa = XCBuildConfiguration;
			buildSettings = {
				ASSETCATALOG_COMPILER_APPICON_NAME = AppIcon;
				INFOPLIST_FILE = farmOS_iOS/Info.plist;
				LD_RUNPATH_SEARCH_PATHS = "$(inherited) @executable_path/Frameworks";
				PRODUCT_BUNDLE_IDENTIFIER = "farmOS.farmOS-iOS";
				PRODUCT_NAME = "$(TARGET_NAME)";
				SWIFT_VERSION = 3.0;
			};
			name = Release;
		};
/* End XCBuildConfiguration section */

/* Begin XCConfigurationList section */
		D6E927BF1F332EF40080613E /* Build configuration list for PBXProject "farmOS_iOS" */ = {
			isa = XCConfigurationList;
			buildConfigurations = (
				D6E927D71F332EF50080613E /* Debug */,
				D6E927D81F332EF50080613E /* Release */,
			);
			defaultConfigurationIsVisible = 0;
			defaultConfigurationName = Release;
		};
		D6E927D91F332EF50080613E /* Build configuration list for PBXNativeTarget "farmOS_iOS" */ = {
			isa = XCConfigurationList;
			buildConfigurations = (
				D6E927DA1F332EF50080613E /* Debug */,
				D6E927DB1F332EF50080613E /* Release */,
			);
			defaultConfigurationIsVisible = 0;
		};
/* End XCConfigurationList section */

/* Begin XCVersionGroup section */
		D6E927CE1F332EF40080613E /* farmOS_iOS.xcdatamodeld */ = {
			isa = XCVersionGroup;
			children = (
				D6E927CF1F332EF40080613E /* farmOS_iOS.xcdatamodel */,
			);
			currentVersion = D6E927CF1F332EF40080613E /* farmOS_iOS.xcdatamodel */;
			path = farmOS_iOS.xcdatamodeld;
			sourceTree = "<group>";
			versionGroupType = wrapper.xcdatamodel;
		};
/* End XCVersionGroup section */
	};
	rootObject = D6E927BC1F332EF40080613E /* Project object */;
}
